
Microsoft Visual Studio Solution File, Format Version 12.00
# Visual Studio Version 17
VisualStudioVersion = 17.7.34018.315
MinimumVisualStudioVersion = 10.0.40219.1
Project("{FAE04EC0-301F-11D3-BF4B-00C04F79EFBC}") = "Notes Application", "Notes Application.csproj", "{43E6705A-EF06-4A32-9C76-2B889229F4D7}"
EndProject
Project("{2150E333-8FDC-42A3-9474-1A3956D46DE8}") = "Solution Items", "Solution Items", "{8DA24413-7D9D-4AAF-AD7B-722C1FE3059D}"
	ProjectSection(SolutionItems) = preProject
		.editorconfig = .editorconfig
	EndProjectSection
EndProject
Global
	GlobalSection(SolutionConfigurationPlatforms) = preSolution
		Debug|Any CPU = Debug|Any CPU
		Release|Any CPU = Release|Any CPU
	EndGlobalSection
	GlobalSection(ProjectConfigurationPlatforms) = postSolution
		{43E6705A-EF06-4A32-9C76-2B889229F4D7}.Debug|Any CPU.ActiveCfg = Debug|Any CPU
		{43E6705A-EF06-4A32-9C76-2B889229F4D7}.Debug|Any CPU.Build.0 = Debug|Any CPU
		{43E6705A-EF06-4A32-9C76-2B889229F4D7}.Release|Any CPU.ActiveCfg = Release|Any CPU
		{43E6705A-EF06-4A32-9C76-2B889229F4D7}.Release|Any CPU.Build.0 = Release|Any CPU
	EndGlobalSection
	GlobalSection(SolutionProperties) = preSolution
		HideSolutionNode = FALSE
	EndGlobalSection
	GlobalSection(ExtensibilityGlobals) = postSolution
		SolutionGuid = {0F037572-43EB-452B-A199-EAE31E830741}
	EndGlobalSection
EndGlobal
